// !$*UTF8*$!
{
	archiveVersion = 1;
	classes = {
	};
	objectVersion = 56;
	objects = {

/* Begin PBXBuildFile section */
		A69A958A2CBE897000CBEE41 /* AppDelegate.swift in Sources */ = {isa = PBXBuildFile; fileRef = A69A95892CBE897000CBEE41 /* AppDelegate.swift */; };
		A69A958C2CBE897000CBEE41 /* SceneDelegate.swift in Sources */ = {isa = PBXBuildFile; fileRef = A69A958B2CBE897000CBEE41 /* SceneDelegate.swift */; };
		A69A958E2CBE897000CBEE41 /* ViewController.swift in Sources */ = {isa = PBXBuildFile; fileRef = A69A958D2CBE897000CBEE41 /* ViewController.swift */; };
		A69A95912CBE897000CBEE41 /* Main.storyboard in Resources */ = {isa = PBXBuildFile; fileRef = A69A958F2CBE897000CBEE41 /* Main.storyboard */; };
		A69A95942CBE897000CBEE41 /* CryptoCoins.xcdatamodeld in Sources */ = {isa = PBXBuildFile; fileRef = A69A95922CBE897000CBEE41 /* CryptoCoins.xcdatamodeld */; };
		A69A95962CBE897200CBEE41 /* Assets.xcassets in Resources */ = {isa = PBXBuildFile; fileRef = A69A95952CBE897200CBEE41 /* Assets.xcassets */; };
		A69A95992CBE897200CBEE41 /* LaunchScreen.storyboard in Resources */ = {isa = PBXBuildFile; fileRef = A69A95972CBE897200CBEE41 /* LaunchScreen.storyboard */; };
		A69A95A52CBE8BC000CBEE41 /* CryptoCoinsListViewController.swift in Sources */ = {isa = PBXBuildFile; fileRef = A69A95A42CBE8BC000CBEE41 /* CryptoCoinsListViewController.swift */; };
		A69A95A72CBEA21900CBEE41 /* CryptoCoinsTableViewCell.swift in Sources */ = {isa = PBXBuildFile; fileRef = A69A95A62CBEA21900CBEE41 /* CryptoCoinsTableViewCell.swift */; };
		A69A95AB2CBEA3CF00CBEE41 /* FilterView.swift in Sources */ = {isa = PBXBuildFile; fileRef = A69A95AA2CBEA3CF00CBEE41 /* FilterView.swift */; };
		A69A95AE2CBF4FED00CBEE41 /* FilterCollectionViewCell.swift in Sources */ = {isa = PBXBuildFile; fileRef = A69A95AD2CBF4FED00CBEE41 /* FilterCollectionViewCell.swift */; };
		A69A95B02CBF596900CBEE41 /* FilterCollectionViewCellViewModel.swift in Sources */ = {isa = PBXBuildFile; fileRef = A69A95AF2CBF596900CBEE41 /* FilterCollectionViewCellViewModel.swift */; };
		A69A95B32CBF7A4F00CBEE41 /* HTTPClient.swift in Sources */ = {isa = PBXBuildFile; fileRef = A69A95B22CBF7A4F00CBEE41 /* HTTPClient.swift */; };
		A69A95B52CBF7E2900CBEE41 /* CustomURLError.swift in Sources */ = {isa = PBXBuildFile; fileRef = A69A95B42CBF7E2900CBEE41 /* CustomURLError.swift */; };
		A69A95B82CBF7F6500CBEE41 /* CryptoDetails.swift in Sources */ = {isa = PBXBuildFile; fileRef = A69A95B72CBF7F6500CBEE41 /* CryptoDetails.swift */; };
		A69A95BB2CBF80C900CBEE41 /* CryptoDataService.swift in Sources */ = {isa = PBXBuildFile; fileRef = A69A95BA2CBF80C900CBEE41 /* CryptoDataService.swift */; };
		A69A95BD2CBF814500CBEE41 /* NetworkingUtility.swift in Sources */ = {isa = PBXBuildFile; fileRef = A69A95BC2CBF814500CBEE41 /* NetworkingUtility.swift */; };
		A69A95BF2CBF87A700CBEE41 /* CryptoCoinsListViewViewModel.swift in Sources */ = {isa = PBXBuildFile; fileRef = A69A95BE2CBF87A700CBEE41 /* CryptoCoinsListViewViewModel.swift */; };
		A69A95C12CBF8EC700CBEE41 /* FloatingPopupView.swift in Sources */ = {isa = PBXBuildFile; fileRef = A69A95C02CBF8EC700CBEE41 /* FloatingPopupView.swift */; };
		A69A95C42CBF8F1000CBEE41 /* UIViewController+FloatingPopupView.swift in Sources */ = {isa = PBXBuildFile; fileRef = A69A95C32CBF8F1000CBEE41 /* UIViewController+FloatingPopupView.swift */; };
		A69A95C62CBFA16E00CBEE41 /* CryptoCoinsTableViewCellViewModel.swift in Sources */ = {isa = PBXBuildFile; fileRef = A69A95C52CBFA16E00CBEE41 /* CryptoCoinsTableViewCellViewModel.swift */; };
		A69A95CE2CBFD5B100CBEE41 /* CryptoCoinsTests.swift in Sources */ = {isa = PBXBuildFile; fileRef = A69A95CD2CBFD5B100CBEE41 /* CryptoCoinsTests.swift */; };
		A69A95D52CBFD68C00CBEE41 /* CryptoCoinsListViewViewModelTests.swift in Sources */ = {isa = PBXBuildFile; fileRef = A69A95D42CBFD68C00CBEE41 /* CryptoCoinsListViewViewModelTests.swift */; };
/* End PBXBuildFile section */

/* Begin PBXContainerItemProxy section */
		A69A95CF2CBFD5B100CBEE41 /* PBXContainerItemProxy */ = {
			isa = PBXContainerItemProxy;
			containerPortal = A69A957E2CBE897000CBEE41 /* Project object */;
			proxyType = 1;
			remoteGlobalIDString = A69A95852CBE897000CBEE41;
			remoteInfo = CryptoCoins;
		};
/* End PBXContainerItemProxy section */

/* Begin PBXFileReference section */
		A69A95862CBE897000CBEE41 /* CryptoCoins.app */ = {isa = PBXFileReference; explicitFileType = wrapper.application; includeInIndex = 0; path = CryptoCoins.app; sourceTree = BUILT_PRODUCTS_DIR; };
		A69A95892CBE897000CBEE41 /* AppDelegate.swift */ = {isa = PBXFileReference; lastKnownFileType = sourcecode.swift; path = AppDelegate.swift; sourceTree = "<group>"; };
		A69A958B2CBE897000CBEE41 /* SceneDelegate.swift */ = {isa = PBXFileReference; lastKnownFileType = sourcecode.swift; path = SceneDelegate.swift; sourceTree = "<group>"; };
		A69A958D2CBE897000CBEE41 /* ViewController.swift */ = {isa = PBXFileReference; lastKnownFileType = sourcecode.swift; path = ViewController.swift; sourceTree = "<group>"; };
		A69A95902CBE897000CBEE41 /* Base */ = {isa = PBXFileReference; lastKnownFileType = file.storyboard; name = Base; path = Base.lproj/Main.storyboard; sourceTree = "<group>"; };
		A69A95932CBE897000CBEE41 /* CryptoCoins.xcdatamodel */ = {isa = PBXFileReference; lastKnownFileType = wrapper.xcdatamodel; path = CryptoCoins.xcdatamodel; sourceTree = "<group>"; };
		A69A95952CBE897200CBEE41 /* Assets.xcassets */ = {isa = PBXFileReference; lastKnownFileType = folder.assetcatalog; path = Assets.xcassets; sourceTree = "<group>"; };
		A69A95982CBE897200CBEE41 /* Base */ = {isa = PBXFileReference; lastKnownFileType = file.storyboard; name = Base; path = Base.lproj/LaunchScreen.storyboard; sourceTree = "<group>"; };
		A69A959A2CBE897200CBEE41 /* Info.plist */ = {isa = PBXFileReference; lastKnownFileType = text.plist.xml; path = Info.plist; sourceTree = "<group>"; };
		A69A95A42CBE8BC000CBEE41 /* CryptoCoinsListViewController.swift */ = {isa = PBXFileReference; lastKnownFileType = sourcecode.swift; path = CryptoCoinsListViewController.swift; sourceTree = "<group>"; };
		A69A95A62CBEA21900CBEE41 /* CryptoCoinsTableViewCell.swift */ = {isa = PBXFileReference; lastKnownFileType = sourcecode.swift; path = CryptoCoinsTableViewCell.swift; sourceTree = "<group>"; };
		A69A95AA2CBEA3CF00CBEE41 /* FilterView.swift */ = {isa = PBXFileReference; lastKnownFileType = sourcecode.swift; path = FilterView.swift; sourceTree = "<group>"; };
		A69A95AD2CBF4FED00CBEE41 /* FilterCollectionViewCell.swift */ = {isa = PBXFileReference; lastKnownFileType = sourcecode.swift; path = FilterCollectionViewCell.swift; sourceTree = "<group>"; };
		A69A95AF2CBF596900CBEE41 /* FilterCollectionViewCellViewModel.swift */ = {isa = PBXFileReference; lastKnownFileType = sourcecode.swift; path = FilterCollectionViewCellViewModel.swift; sourceTree = "<group>"; };
		A69A95B22CBF7A4F00CBEE41 /* HTTPClient.swift */ = {isa = PBXFileReference; lastKnownFileType = sourcecode.swift; path = HTTPClient.swift; sourceTree = "<group>"; };
		A69A95B42CBF7E2900CBEE41 /* CustomURLError.swift */ = {isa = PBXFileReference; lastKnownFileType = sourcecode.swift; path = CustomURLError.swift; sourceTree = "<group>"; };
		A69A95B72CBF7F6500CBEE41 /* CryptoDetails.swift */ = {isa = PBXFileReference; lastKnownFileType = sourcecode.swift; path = CryptoDetails.swift; sourceTree = "<group>"; };
		A69A95BA2CBF80C900CBEE41 /* CryptoDataService.swift */ = {isa = PBXFileReference; lastKnownFileType = sourcecode.swift; path = CryptoDataService.swift; sourceTree = "<group>"; };
		A69A95BC2CBF814500CBEE41 /* NetworkingUtility.swift */ = {isa = PBXFileReference; lastKnownFileType = sourcecode.swift; path = NetworkingUtility.swift; sourceTree = "<group>"; };
		A69A95BE2CBF87A700CBEE41 /* CryptoCoinsListViewViewModel.swift */ = {isa = PBXFileReference; lastKnownFileType = sourcecode.swift; path = CryptoCoinsListViewViewModel.swift; sourceTree = "<group>"; };
		A69A95C02CBF8EC700CBEE41 /* FloatingPopupView.swift */ = {isa = PBXFileReference; lastKnownFileType = sourcecode.swift; path = FloatingPopupView.swift; sourceTree = "<group>"; };
		A69A95C32CBF8F1000CBEE41 /* UIViewController+FloatingPopupView.swift */ = {isa = PBXFileReference; lastKnownFileType = sourcecode.swift; path = "UIViewController+FloatingPopupView.swift"; sourceTree = "<group>"; };
		A69A95C52CBFA16E00CBEE41 /* CryptoCoinsTableViewCellViewModel.swift */ = {isa = PBXFileReference; lastKnownFileType = sourcecode.swift; path = CryptoCoinsTableViewCellViewModel.swift; sourceTree = "<group>"; };
		A69A95CB2CBFD5B100CBEE41 /* CryptoCoinsTests.xctest */ = {isa = PBXFileReference; explicitFileType = wrapper.cfbundle; includeInIndex = 0; path = CryptoCoinsTests.xctest; sourceTree = BUILT_PRODUCTS_DIR; };
		A69A95CD2CBFD5B100CBEE41 /* CryptoCoinsTests.swift */ = {isa = PBXFileReference; lastKnownFileType = sourcecode.swift; path = CryptoCoinsTests.swift; sourceTree = "<group>"; };
		A69A95D42CBFD68C00CBEE41 /* CryptoCoinsListViewViewModelTests.swift */ = {isa = PBXFileReference; lastKnownFileType = sourcecode.swift; path = CryptoCoinsListViewViewModelTests.swift; sourceTree = "<group>"; };
/* End PBXFileReference section */

/* Begin PBXFrameworksBuildPhase section */
		A69A95832CBE897000CBEE41 /* Frameworks */ = {
			isa = PBXFrameworksBuildPhase;
			buildActionMask = 2147483647;
			files = (
			);
			runOnlyForDeploymentPostprocessing = 0;
		};
		A69A95C82CBFD5B100CBEE41 /* Frameworks */ = {
			isa = PBXFrameworksBuildPhase;
			buildActionMask = 2147483647;
			files = (
			);
			runOnlyForDeploymentPostprocessing = 0;
		};
/* End PBXFrameworksBuildPhase section */

/* Begin PBXGroup section */
		A69A957D2CBE897000CBEE41 = {
			isa = PBXGroup;
			children = (
				A69A95882CBE897000CBEE41 /* CryptoCoins */,
				A69A95CC2CBFD5B100CBEE41 /* CryptoCoinsTests */,
				A69A95872CBE897000CBEE41 /* Products */,
			);
			sourceTree = "<group>";
		};
		A69A95872CBE897000CBEE41 /* Products */ = {
			isa = PBXGroup;
			children = (
				A69A95862CBE897000CBEE41 /* CryptoCoins.app */,
				A69A95CB2CBFD5B100CBEE41 /* CryptoCoinsTests.xctest */,
			);
			name = Products;
			sourceTree = "<group>";
		};
		A69A95882CBE897000CBEE41 /* CryptoCoins */ = {
			isa = PBXGroup;
			children = (
				A69A95A82CBEA3AA00CBEE41 /* Utility */,
				A69A95A02CBE8B5800CBEE41 /* CryptoCoinsListView Screen */,
				A69A95892CBE897000CBEE41 /* AppDelegate.swift */,
				A69A958B2CBE897000CBEE41 /* SceneDelegate.swift */,
				A69A958D2CBE897000CBEE41 /* ViewController.swift */,
				A69A958F2CBE897000CBEE41 /* Main.storyboard */,
				A69A95952CBE897200CBEE41 /* Assets.xcassets */,
				A69A95972CBE897200CBEE41 /* LaunchScreen.storyboard */,
				A69A959A2CBE897200CBEE41 /* Info.plist */,
				A69A95922CBE897000CBEE41 /* CryptoCoins.xcdatamodeld */,
			);
			path = CryptoCoins;
			sourceTree = "<group>";
		};
		A69A95A02CBE8B5800CBEE41 /* CryptoCoinsListView Screen */ = {
			isa = PBXGroup;
			children = (
				A69A95A32CBE8B8E00CBEE41 /* ViewModel */,
				A69A95A22CBE8B7B00CBEE41 /* Model */,
				A69A95A12CBE8B7100CBEE41 /* View */,
			);
			path = "CryptoCoinsListView Screen";
			sourceTree = "<group>";
		};
		A69A95A12CBE8B7100CBEE41 /* View */ = {
			isa = PBXGroup;
			children = (
				A69A95A42CBE8BC000CBEE41 /* CryptoCoinsListViewController.swift */,
				A69A95A62CBEA21900CBEE41 /* CryptoCoinsTableViewCell.swift */,
			);
			path = View;
			sourceTree = "<group>";
		};
		A69A95A22CBE8B7B00CBEE41 /* Model */ = {
			isa = PBXGroup;
			children = (
			);
			path = Model;
			sourceTree = "<group>";
		};
		A69A95A32CBE8B8E00CBEE41 /* ViewModel */ = {
			isa = PBXGroup;
			children = (
				A69A95BE2CBF87A700CBEE41 /* CryptoCoinsListViewViewModel.swift */,
				A69A95C52CBFA16E00CBEE41 /* CryptoCoinsTableViewCellViewModel.swift */,
			);
			path = ViewModel;
			sourceTree = "<group>";
		};
		A69A95A82CBEA3AA00CBEE41 /* Utility */ = {
			isa = PBXGroup;
			children = (
				A69A95C22CBF8EF300CBEE41 /* Extensions */,
				A69A95B12CBF7A3100CBEE41 /* Networking */,
				A69A95A92CBEA3BA00CBEE41 /* Custom Views */,
			);
			path = Utility;
			sourceTree = "<group>";
		};
		A69A95A92CBEA3BA00CBEE41 /* Custom Views */ = {
			isa = PBXGroup;
			children = (
				A69A95AC2CBF4FCA00CBEE41 /* FilterView */,
				A69A95C02CBF8EC700CBEE41 /* FloatingPopupView.swift */,
			);
			path = "Custom Views";
			sourceTree = "<group>";
		};
		A69A95AC2CBF4FCA00CBEE41 /* FilterView */ = {
			isa = PBXGroup;
			children = (
				A69A95AA2CBEA3CF00CBEE41 /* FilterView.swift */,
				A69A95AD2CBF4FED00CBEE41 /* FilterCollectionViewCell.swift */,
				A69A95AF2CBF596900CBEE41 /* FilterCollectionViewCellViewModel.swift */,
			);
			path = FilterView;
			sourceTree = "<group>";
		};
		A69A95B12CBF7A3100CBEE41 /* Networking */ = {
			isa = PBXGroup;
			children = (
				A69A95B92CBF808A00CBEE41 /* Services */,
				A69A95B62CBF7F3100CBEE41 /* Models */,
				A69A95B22CBF7A4F00CBEE41 /* HTTPClient.swift */,
				A69A95B42CBF7E2900CBEE41 /* CustomURLError.swift */,
				A69A95BC2CBF814500CBEE41 /* NetworkingUtility.swift */,
			);
			path = Networking;
			sourceTree = "<group>";
		};
		A69A95B62CBF7F3100CBEE41 /* Models */ = {
			isa = PBXGroup;
			children = (
				A69A95B72CBF7F6500CBEE41 /* CryptoDetails.swift */,
			);
			path = Models;
			sourceTree = "<group>";
		};
		A69A95B92CBF808A00CBEE41 /* Services */ = {
			isa = PBXGroup;
			children = (
				A69A95BA2CBF80C900CBEE41 /* CryptoDataService.swift */,
			);
			path = Services;
			sourceTree = "<group>";
		};
		A69A95C22CBF8EF300CBEE41 /* Extensions */ = {
			isa = PBXGroup;
			children = (
				A69A95C32CBF8F1000CBEE41 /* UIViewController+FloatingPopupView.swift */,
			);
			path = Extensions;
			sourceTree = "<group>";
		};
		A69A95CC2CBFD5B100CBEE41 /* CryptoCoinsTests */ = {
			isa = PBXGroup;
			children = (
				A69A95CD2CBFD5B100CBEE41 /* CryptoCoinsTests.swift */,
				A69A95D42CBFD68C00CBEE41 /* CryptoCoinsListViewViewModelTests.swift */,
			);
			path = CryptoCoinsTests;
			sourceTree = "<group>";
		};
/* End PBXGroup section */

/* Begin PBXNativeTarget section */
		A69A95852CBE897000CBEE41 /* CryptoCoins */ = {
			isa = PBXNativeTarget;
			buildConfigurationList = A69A959D2CBE897200CBEE41 /* Build configuration list for PBXNativeTarget "CryptoCoins" */;
			buildPhases = (
				A69A95822CBE897000CBEE41 /* Sources */,
				A69A95832CBE897000CBEE41 /* Frameworks */,
				A69A95842CBE897000CBEE41 /* Resources */,
			);
			buildRules = (
			);
			dependencies = (
			);
			name = CryptoCoins;
			productName = CryptoCoins;
			productReference = A69A95862CBE897000CBEE41 /* CryptoCoins.app */;
			productType = "com.apple.product-type.application";
		};
		A69A95CA2CBFD5B100CBEE41 /* CryptoCoinsTests */ = {
			isa = PBXNativeTarget;
			buildConfigurationList = A69A95D12CBFD5B100CBEE41 /* Build configuration list for PBXNativeTarget "CryptoCoinsTests" */;
			buildPhases = (
				A69A95C72CBFD5B100CBEE41 /* Sources */,
				A69A95C82CBFD5B100CBEE41 /* Frameworks */,
				A69A95C92CBFD5B100CBEE41 /* Resources */,
			);
			buildRules = (
			);
			dependencies = (
				A69A95D02CBFD5B100CBEE41 /* PBXTargetDependency */,
			);
			name = CryptoCoinsTests;
			productName = CryptoCoinsTests;
			productReference = A69A95CB2CBFD5B100CBEE41 /* CryptoCoinsTests.xctest */;
			productType = "com.apple.product-type.bundle.unit-test";
		};
/* End PBXNativeTarget section */

/* Begin PBXProject section */
		A69A957E2CBE897000CBEE41 /* Project object */ = {
			isa = PBXProject;
			attributes = {
				BuildIndependentTargetsInParallel = 1;
				LastSwiftUpdateCheck = 1420;
				LastUpgradeCheck = 1420;
				TargetAttributes = {
					A69A95852CBE897000CBEE41 = {
						CreatedOnToolsVersion = 14.2;
					};
					A69A95CA2CBFD5B100CBEE41 = {
						CreatedOnToolsVersion = 14.2;
						TestTargetID = A69A95852CBE897000CBEE41;
					};
				};
			};
			buildConfigurationList = A69A95812CBE897000CBEE41 /* Build configuration list for PBXProject "CryptoCoins" */;
			compatibilityVersion = "Xcode 14.0";
			developmentRegion = en;
			hasScannedForEncodings = 0;
			knownRegions = (
				en,
				Base,
			);
			mainGroup = A69A957D2CBE897000CBEE41;
			productRefGroup = A69A95872CBE897000CBEE41 /* Products */;
			projectDirPath = "";
			projectRoot = "";
			targets = (
				A69A95852CBE897000CBEE41 /* CryptoCoins */,
				A69A95CA2CBFD5B100CBEE41 /* CryptoCoinsTests */,
			);
		};
/* End PBXProject section */

/* Begin PBXResourcesBuildPhase section */
		A69A95842CBE897000CBEE41 /* Resources */ = {
			isa = PBXResourcesBuildPhase;
			buildActionMask = 2147483647;
			files = (
				A69A95992CBE897200CBEE41 /* LaunchScreen.storyboard in Resources */,
				A69A95962CBE897200CBEE41 /* Assets.xcassets in Resources */,
				A69A95912CBE897000CBEE41 /* Main.storyboard in Resources */,
			);
			runOnlyForDeploymentPostprocessing = 0;
		};
		A69A95C92CBFD5B100CBEE41 /* Resources */ = {
			isa = PBXResourcesBuildPhase;
			buildActionMask = 2147483647;
			files = (
			);
			runOnlyForDeploymentPostprocessing = 0;
		};
/* End PBXResourcesBuildPhase section */

/* Begin PBXSourcesBuildPhase section */
		A69A95822CBE897000CBEE41 /* Sources */ = {
			isa = PBXSourcesBuildPhase;
			buildActionMask = 2147483647;
			files = (
				A69A95BD2CBF814500CBEE41 /* NetworkingUtility.swift in Sources */,
				A69A958E2CBE897000CBEE41 /* ViewController.swift in Sources */,
				A69A95A52CBE8BC000CBEE41 /* CryptoCoinsListViewController.swift in Sources */,
				A69A95B02CBF596900CBEE41 /* FilterCollectionViewCellViewModel.swift in Sources */,
				A69A95C42CBF8F1000CBEE41 /* UIViewController+FloatingPopupView.swift in Sources */,
				A69A95AB2CBEA3CF00CBEE41 /* FilterView.swift in Sources */,
				A69A95C12CBF8EC700CBEE41 /* FloatingPopupView.swift in Sources */,
				A69A95942CBE897000CBEE41 /* CryptoCoins.xcdatamodeld in Sources */,
				A69A95B82CBF7F6500CBEE41 /* CryptoDetails.swift in Sources */,
				A69A95BB2CBF80C900CBEE41 /* CryptoDataService.swift in Sources */,
				A69A958A2CBE897000CBEE41 /* AppDelegate.swift in Sources */,
				A69A95B52CBF7E2900CBEE41 /* CustomURLError.swift in Sources */,
				A69A95B32CBF7A4F00CBEE41 /* HTTPClient.swift in Sources */,
				A69A95BF2CBF87A700CBEE41 /* CryptoCoinsListViewViewModel.swift in Sources */,
				A69A958C2CBE897000CBEE41 /* SceneDelegate.swift in Sources */,
				A69A95AE2CBF4FED00CBEE41 /* FilterCollectionViewCell.swift in Sources */,
				A69A95C62CBFA16E00CBEE41 /* CryptoCoinsTableViewCellViewModel.swift in Sources */,
				A69A95A72CBEA21900CBEE41 /* CryptoCoinsTableViewCell.swift in Sources */,
			);
			runOnlyForDeploymentPostprocessing = 0;
		};
		A69A95C72CBFD5B100CBEE41 /* Sources */ = {
			isa = PBXSourcesBuildPhase;
			buildActionMask = 2147483647;
			files = (
				A69A95CE2CBFD5B100CBEE41 /* CryptoCoinsTests.swift in Sources */,
				A69A95D52CBFD68C00CBEE41 /* CryptoCoinsListViewViewModelTests.swift in Sources */,
			);
			runOnlyForDeploymentPostprocessing = 0;
		};
/* End PBXSourcesBuildPhase section */

/* Begin PBXTargetDependency section */
		A69A95D02CBFD5B100CBEE41 /* PBXTargetDependency */ = {
			isa = PBXTargetDependency;
			target = A69A95852CBE897000CBEE41 /* CryptoCoins */;
			targetProxy = A69A95CF2CBFD5B100CBEE41 /* PBXContainerItemProxy */;
		};
/* End PBXTargetDependency section */

/* Begin PBXVariantGroup section */
		A69A958F2CBE897000CBEE41 /* Main.storyboard */ = {
			isa = PBXVariantGroup;
			children = (
				A69A95902CBE897000CBEE41 /* Base */,
			);
			name = Main.storyboard;
			sourceTree = "<group>";
		};
		A69A95972CBE897200CBEE41 /* LaunchScreen.storyboard */ = {
			isa = PBXVariantGroup;
			children = (
				A69A95982CBE897200CBEE41 /* Base */,
			);
			name = LaunchScreen.storyboard;
			sourceTree = "<group>";
		};
/* End PBXVariantGroup section */

/* Begin XCBuildConfiguration section */
		A69A959B2CBE897200CBEE41 /* Debug */ = {
			isa = XCBuildConfiguration;
			buildSettings = {
				ALWAYS_SEARCH_USER_PATHS = NO;
				CLANG_ANALYZER_NONNULL = YES;
				CLANG_ANALYZER_NUMBER_OBJECT_CONVERSION = YES_AGGRESSIVE;
				CLANG_CXX_LANGUAGE_STANDARD = "gnu++20";
				CLANG_ENABLE_MODULES = YES;
				CLANG_ENABLE_OBJC_ARC = YES;
				CLANG_ENABLE_OBJC_WEAK = YES;
				CLANG_WARN_BLOCK_CAPTURE_AUTORELEASING = YES;
				CLANG_WARN_BOOL_CONVERSION = YES;
				CLANG_WARN_COMMA = YES;
				CLANG_WARN_CONSTANT_CONVERSION = YES;
				CLANG_WARN_DEPRECATED_OBJC_IMPLEMENTATIONS = YES;
				CLANG_WARN_DIRECT_OBJC_ISA_USAGE = YES_ERROR;
				CLANG_WARN_DOCUMENTATION_COMMENTS = YES;
				CLANG_WARN_EMPTY_BODY = YES;
				CLANG_WARN_ENUM_CONVERSION = YES;
				CLANG_WARN_INFINITE_RECURSION = YES;
				CLANG_WARN_INT_CONVERSION = YES;
				CLANG_WARN_NON_LITERAL_NULL_CONVERSION = YES;
				CLANG_WARN_OBJC_IMPLICIT_RETAIN_SELF = YES;
				CLANG_WARN_OBJC_LITERAL_CONVERSION = YES;
				CLANG_WARN_OBJC_ROOT_CLASS = YES_ERROR;
				CLANG_WARN_QUOTED_INCLUDE_IN_FRAMEWORK_HEADER = YES;
				CLANG_WARN_RANGE_LOOP_ANALYSIS = YES;
				CLANG_WARN_STRICT_PROTOTYPES = YES;
				CLANG_WARN_SUSPICIOUS_MOVE = YES;
				CLANG_WARN_UNGUARDED_AVAILABILITY = YES_AGGRESSIVE;
				CLANG_WARN_UNREACHABLE_CODE = YES;
				CLANG_WARN__DUPLICATE_METHOD_MATCH = YES;
				COPY_PHASE_STRIP = NO;
				DEBUG_INFORMATION_FORMAT = dwarf;
				ENABLE_STRICT_OBJC_MSGSEND = YES;
				ENABLE_TESTABILITY = YES;
				GCC_C_LANGUAGE_STANDARD = gnu11;
				GCC_DYNAMIC_NO_PIC = NO;
				GCC_NO_COMMON_BLOCKS = YES;
				GCC_OPTIMIZATION_LEVEL = 0;
				GCC_PREPROCESSOR_DEFINITIONS = (
					"DEBUG=1",
					"$(inherited)",
				);
				GCC_WARN_64_TO_32_BIT_CONVERSION = YES;
				GCC_WARN_ABOUT_RETURN_TYPE = YES_ERROR;
				GCC_WARN_UNDECLARED_SELECTOR = YES;
				GCC_WARN_UNINITIALIZED_AUTOS = YES_AGGRESSIVE;
				GCC_WARN_UNUSED_FUNCTION = YES;
				GCC_WARN_UNUSED_VARIABLE = YES;
				IPHONEOS_DEPLOYMENT_TARGET = 16.2;
				MTL_ENABLE_DEBUG_INFO = INCLUDE_SOURCE;
				MTL_FAST_MATH = YES;
				ONLY_ACTIVE_ARCH = YES;
				SDKROOT = iphoneos;
				SWIFT_ACTIVE_COMPILATION_CONDITIONS = DEBUG;
				SWIFT_OPTIMIZATION_LEVEL = "-Onone";
			};
			name = Debug;
		};
		A69A959C2CBE897200CBEE41 /* Release */ = {
			isa = XCBuildConfiguration;
			buildSettings = {
				ALWAYS_SEARCH_USER_PATHS = NO;
				CLANG_ANALYZER_NONNULL = YES;
				CLANG_ANALYZER_NUMBER_OBJECT_CONVERSION = YES_AGGRESSIVE;
				CLANG_CXX_LANGUAGE_STANDARD = "gnu++20";
				CLANG_ENABLE_MODULES = YES;
				CLANG_ENABLE_OBJC_ARC = YES;
				CLANG_ENABLE_OBJC_WEAK = YES;
				CLANG_WARN_BLOCK_CAPTURE_AUTORELEASING = YES;
				CLANG_WARN_BOOL_CONVERSION = YES;
				CLANG_WARN_COMMA = YES;
				CLANG_WARN_CONSTANT_CONVERSION = YES;
				CLANG_WARN_DEPRECATED_OBJC_IMPLEMENTATIONS = YES;
				CLANG_WARN_DIRECT_OBJC_ISA_USAGE = YES_ERROR;
				CLANG_WARN_DOCUMENTATION_COMMENTS = YES;
				CLANG_WARN_EMPTY_BODY = YES;
				CLANG_WARN_ENUM_CONVERSION = YES;
				CLANG_WARN_INFINITE_RECURSION = YES;
				CLANG_WARN_INT_CONVERSION = YES;
				CLANG_WARN_NON_LITERAL_NULL_CONVERSION = YES;
				CLANG_WARN_OBJC_IMPLICIT_RETAIN_SELF = YES;
				CLANG_WARN_OBJC_LITERAL_CONVERSION = YES;
				CLANG_WARN_OBJC_ROOT_CLASS = YES_ERROR;
				CLANG_WARN_QUOTED_INCLUDE_IN_FRAMEWORK_HEADER = YES;
				CLANG_WARN_RANGE_LOOP_ANALYSIS = YES;
				CLANG_WARN_STRICT_PROTOTYPES = YES;
				CLANG_WARN_SUSPICIOUS_MOVE = YES;
				CLANG_WARN_UNGUARDED_AVAILABILITY = YES_AGGRESSIVE;
				CLANG_WARN_UNREACHABLE_CODE = YES;
				CLANG_WARN__DUPLICATE_METHOD_MATCH = YES;
				COPY_PHASE_STRIP = NO;
				DEBUG_INFORMATION_FORMAT = "dwarf-with-dsym";
				ENABLE_NS_ASSERTIONS = NO;
				ENABLE_STRICT_OBJC_MSGSEND = YES;
				GCC_C_LANGUAGE_STANDARD = gnu11;
				GCC_NO_COMMON_BLOCKS = YES;
				GCC_WARN_64_TO_32_BIT_CONVERSION = YES;
				GCC_WARN_ABOUT_RETURN_TYPE = YES_ERROR;
				GCC_WARN_UNDECLARED_SELECTOR = YES;
				GCC_WARN_UNINITIALIZED_AUTOS = YES_AGGRESSIVE;
				GCC_WARN_UNUSED_FUNCTION = YES;
				GCC_WARN_UNUSED_VARIABLE = YES;
				IPHONEOS_DEPLOYMENT_TARGET = 16.2;
				MTL_ENABLE_DEBUG_INFO = NO;
				MTL_FAST_MATH = YES;
				SDKROOT = iphoneos;
				SWIFT_COMPILATION_MODE = wholemodule;
				SWIFT_OPTIMIZATION_LEVEL = "-O";
				VALIDATE_PRODUCT = YES;
			};
			name = Release;
		};
		A69A959E2CBE897200CBEE41 /* Debug */ = {
			isa = XCBuildConfiguration;
			buildSettings = {
				ASSETCATALOG_COMPILER_APPICON_NAME = AppIcon;
				ASSETCATALOG_COMPILER_GLOBAL_ACCENT_COLOR_NAME = AccentColor;
				CODE_SIGN_STYLE = Automatic;
				CURRENT_PROJECT_VERSION = 1;
				GENERATE_INFOPLIST_FILE = YES;
				INFOPLIST_FILE = CryptoCoins/Info.plist;
				INFOPLIST_KEY_UIApplicationSupportsIndirectInputEvents = YES;
				INFOPLIST_KEY_UILaunchStoryboardName = LaunchScreen;
				INFOPLIST_KEY_UIMainStoryboardFile = Main;
				INFOPLIST_KEY_UISupportedInterfaceOrientations_iPad = "UIInterfaceOrientationPortrait UIInterfaceOrientationPortraitUpsideDown UIInterfaceOrientationLandscapeLeft UIInterfaceOrientationLandscapeRight";
				INFOPLIST_KEY_UISupportedInterfaceOrientations_iPhone = "UIInterfaceOrientationPortrait UIInterfaceOrientationLandscapeLeft UIInterfaceOrientationLandscapeRight";
				LD_RUNPATH_SEARCH_PATHS = (
					"$(inherited)",
					"@executable_path/Frameworks",
				);
				MARKETING_VERSION = 1.0;
				PRODUCT_BUNDLE_IDENTIFIER = HIM.CryptoCoins;
				PRODUCT_NAME = "$(TARGET_NAME)";
				SWIFT_EMIT_LOC_STRINGS = YES;
				SWIFT_VERSION = 5.0;
				TARGETED_DEVICE_FAMILY = "1,2";
			};
			name = Debug;
		};
		A69A959F2CBE897200CBEE41 /* Release */ = {
			isa = XCBuildConfiguration;
			buildSettings = {
				ASSETCATALOG_COMPILER_APPICON_NAME = AppIcon;
				ASSETCATALOG_COMPILER_GLOBAL_ACCENT_COLOR_NAME = AccentColor;
				CODE_SIGN_STYLE = Automatic;
				CURRENT_PROJECT_VERSION = 1;
				GENERATE_INFOPLIST_FILE = YES;
				INFOPLIST_FILE = CryptoCoins/Info.plist;
				INFOPLIST_KEY_UIApplicationSupportsIndirectInputEvents = YES;
				INFOPLIST_KEY_UILaunchStoryboardName = LaunchScreen;
				INFOPLIST_KEY_UIMainStoryboardFile = Main;
				INFOPLIST_KEY_UISupportedInterfaceOrientations_iPad = "UIInterfaceOrientationPortrait UIInterfaceOrientationPortraitUpsideDown UIInterfaceOrientationLandscapeLeft UIInterfaceOrientationLandscapeRight";
				INFOPLIST_KEY_UISupportedInterfaceOrientations_iPhone = "UIInterfaceOrientationPortrait UIInterfaceOrientationLandscapeLeft UIInterfaceOrientationLandscapeRight";
				LD_RUNPATH_SEARCH_PATHS = (
					"$(inherited)",
					"@executable_path/Frameworks",
				);
				MARKETING_VERSION = 1.0;
				PRODUCT_BUNDLE_IDENTIFIER = HIM.CryptoCoins;
				PRODUCT_NAME = "$(TARGET_NAME)";
				SWIFT_EMIT_LOC_STRINGS = YES;
				SWIFT_VERSION = 5.0;
				TARGETED_DEVICE_FAMILY = "1,2";
			};
			name = Release;
		};
		A69A95D22CBFD5B100CBEE41 /* Debug */ = {
			isa = XCBuildConfiguration;
			buildSettings = {
				BUNDLE_LOADER = "$(TEST_HOST)";
				CODE_SIGN_STYLE = Automatic;
				CURRENT_PROJECT_VERSION = 1;
				GENERATE_INFOPLIST_FILE = YES;
				MARKETING_VERSION = 1.0;
				PRODUCT_BUNDLE_IDENTIFIER = HIM.CryptoCoinsTests;
				PRODUCT_NAME = "$(TARGET_NAME)";
				SWIFT_EMIT_LOC_STRINGS = NO;
				SWIFT_VERSION = 5.0;
				TARGETED_DEVICE_FAMILY = "1,2";
				TEST_HOST = "$(BUILT_PRODUCTS_DIR)/CryptoCoins.app/$(BUNDLE_EXECUTABLE_FOLDER_PATH)/CryptoCoins";
			};
			name = Debug;
		};
		A69A95D32CBFD5B100CBEE41 /* Release */ = {
			isa = XCBuildConfiguration;
			buildSettings = {
				BUNDLE_LOADER = "$(TEST_HOST)";
				CODE_SIGN_STYLE = Automatic;
				CURRENT_PROJECT_VERSION = 1;
				GENERATE_INFOPLIST_FILE = YES;
				MARKETING_VERSION = 1.0;
				PRODUCT_BUNDLE_IDENTIFIER = HIM.CryptoCoinsTests;
				PRODUCT_NAME = "$(TARGET_NAME)";
				SWIFT_EMIT_LOC_STRINGS = NO;
				SWIFT_VERSION = 5.0;
				TARGETED_DEVICE_FAMILY = "1,2";
				TEST_HOST = "$(BUILT_PRODUCTS_DIR)/CryptoCoins.app/$(BUNDLE_EXECUTABLE_FOLDER_PATH)/CryptoCoins";
			};
			name = Release;
		};
/* End XCBuildConfiguration section */

/* Begin XCConfigurationList section */
		A69A95812CBE897000CBEE41 /* Build configuration list for PBXProject "CryptoCoins" */ = {
			isa = XCConfigurationList;
			buildConfigurations = (
				A69A959B2CBE897200CBEE41 /* Debug */,
				A69A959C2CBE897200CBEE41 /* Release */,
			);
			defaultConfigurationIsVisible = 0;
			defaultConfigurationName = Release;
		};
		A69A959D2CBE897200CBEE41 /* Build configuration list for PBXNativeTarget "CryptoCoins" */ = {
			isa = XCConfigurationList;
			buildConfigurations = (
				A69A959E2CBE897200CBEE41 /* Debug */,
				A69A959F2CBE897200CBEE41 /* Release */,
			);
			defaultConfigurationIsVisible = 0;
			defaultConfigurationName = Release;
		};
		A69A95D12CBFD5B100CBEE41 /* Build configuration list for PBXNativeTarget "CryptoCoinsTests" */ = {
			isa = XCConfigurationList;
			buildConfigurations = (
				A69A95D22CBFD5B100CBEE41 /* Debug */,
				A69A95D32CBFD5B100CBEE41 /* Release */,
			);
			defaultConfigurationIsVisible = 0;
			defaultConfigurationName = Release;
		};
/* End XCConfigurationList section */

/* Begin XCVersionGroup section */
		A69A95922CBE897000CBEE41 /* CryptoCoins.xcdatamodeld */ = {
			isa = XCVersionGroup;
			children = (
				A69A95932CBE897000CBEE41 /* CryptoCoins.xcdatamodel */,
			);
			currentVersion = A69A95932CBE897000CBEE41 /* CryptoCoins.xcdatamodel */;
			path = CryptoCoins.xcdatamodeld;
			sourceTree = "<group>";
			versionGroupType = wrapper.xcdatamodel;
		};
/* End XCVersionGroup section */
	};
	rootObject = A69A957E2CBE897000CBEE41 /* Project object */;
}
